
Microsoft Visual Studio Solution File, Format Version 12.00
# Visual Studio 15
VisualStudioVersion = 15.0.27130.2020
MinimumVisualStudioVersion = 10.0.40219.1
Project("{FAE04EC0-301F-11D3-BF4B-00C04F79EFBC}") = "Gui", "Gui\Gui.csproj", "{6C80DF3B-C36C-44AE-BD9B-EA31523BA05F}"
EndProject
Project("{FAE04EC0-301F-11D3-BF4B-00C04F79EFBC}") = "BusinessData", "BusinessData\BusinessData.csproj", "{B6AD0AA3-8202-4718-A628-DEFD86C00CCC}"
EndProject
Global
	GlobalSection(SolutionConfigurationPlatforms) = preSolution
		Debug|Any CPU = Debug|Any CPU
		Release|Any CPU = Release|Any CPU
	EndGlobalSection
	GlobalSection(ProjectConfigurationPlatforms) = postSolution
		{D982C20E-F90E-4325-A236-EB8249444997}.Debug|Any CPU.ActiveCfg = Debug|Any CPU
		{D982C20E-F90E-4325-A236-EB8249444997}.Debug|Any CPU.Build.0 = Debug|Any CPU
		{D982C20E-F90E-4325-A236-EB8249444997}.Release|Any CPU.ActiveCfg = Release|Any CPU
		{D982C20E-F90E-4325-A236-EB8249444997}.Release|Any CPU.Build.0 = Release|Any CPU
		{0526DF06-DD95-4EDE-8B20-DDC18F6AFE7D}.Debug|Any CPU.ActiveCfg = Debug|Any CPU
		{0526DF06-DD95-4EDE-8B20-DDC18F6AFE7D}.Debug|Any CPU.Build.0 = Debug|Any CPU
		{0526DF06-DD95-4EDE-8B20-DDC18F6AFE7D}.Release|Any CPU.ActiveCfg = Release|Any CPU
		{0526DF06-DD95-4EDE-8B20-DDC18F6AFE7D}.Release|Any CPU.Build.0 = Release|Any CPU
		{9A1EC708-47B5-48B0-86FA-588130E903FF}.Debug|Any CPU.ActiveCfg = Debug|Any CPU
		{9A1EC708-47B5-48B0-86FA-588130E903FF}.Debug|Any CPU.Build.0 = Debug|Any CPU
		{9A1EC708-47B5-48B0-86FA-588130E903FF}.Release|Any CPU.ActiveCfg = Release|Any CPU
		{9A1EC708-47B5-48B0-86FA-588130E903FF}.Release|Any CPU.Build.0 = Release|Any CPU
		{E42BA06A-5D06-4F91-85E8-A49CBAB3DE1E}.Debug|Any CPU.ActiveCfg = Debug|Any CPU
		{E42BA06A-5D06-4F91-85E8-A49CBAB3DE1E}.Debug|Any CPU.Build.0 = Debug|Any CPU
		{E42BA06A-5D06-4F91-85E8-A49CBAB3DE1E}.Release|Any CPU.ActiveCfg = Release|Any CPU
		{E42BA06A-5D06-4F91-85E8-A49CBAB3DE1E}.Release|Any CPU.Build.0 = Release|Any CPU
		{3C11FF76-905B-4A61-ACAE-0605D52D550D}.Debug|Any CPU.ActiveCfg = Debug|Any CPU
		{3C11FF76-905B-4A61-ACAE-0605D52D550D}.Debug|Any CPU.Build.0 = Debug|Any CPU
		{3C11FF76-905B-4A61-ACAE-0605D52D550D}.Release|Any CPU.ActiveCfg = Release|Any CPU
		{3C11FF76-905B-4A61-ACAE-0605D52D550D}.Release|Any CPU.Build.0 = Release|Any CPU
		{7AC6EF7E-CFD9-4751-A319-DD448EFD31BC}.Debug|Any CPU.ActiveCfg = Debug|Any CPU
		{7AC6EF7E-CFD9-4751-A319-DD448EFD31BC}.Debug|Any CPU.Build.0 = Debug|Any CPU
		{7AC6EF7E-CFD9-4751-A319-DD448EFD31BC}.Release|Any CPU.ActiveCfg = Release|Any CPU
		{7AC6EF7E-CFD9-4751-A319-DD448EFD31BC}.Release|Any CPU.Build.0 = Release|Any CPU
		{5B85ABB9-3A6A-41A5-931F-400EB9FEAEC4}.Debug|Any CPU.ActiveCfg = Debug|Any CPU
		{5B85ABB9-3A6A-41A5-931F-400EB9FEAEC4}.Debug|Any CPU.Build.0 = Debug|Any CPU
		{5B85ABB9-3A6A-41A5-931F-400EB9FEAEC4}.Release|Any CPU.ActiveCfg = Release|Any CPU
		{5B85ABB9-3A6A-41A5-931F-400EB9FEAEC4}.Release|Any CPU.Build.0 = Release|Any CPU
		{6C80DF3B-C36C-44AE-BD9B-EA31523BA05F}.Debug|Any CPU.ActiveCfg = Debug|Any CPU
		{6C80DF3B-C36C-44AE-BD9B-EA31523BA05F}.Debug|Any CPU.Build.0 = Debug|Any CPU
		{6C80DF3B-C36C-44AE-BD9B-EA31523BA05F}.Release|Any CPU.ActiveCfg = Release|Any CPU
		{6C80DF3B-C36C-44AE-BD9B-EA31523BA05F}.Release|Any CPU.Build.0 = Release|Any CPU
		{B6AD0AA3-8202-4718-A628-DEFD86C00CCC}.Debug|Any CPU.ActiveCfg = Debug|Any CPU
		{B6AD0AA3-8202-4718-A628-DEFD86C00CCC}.Debug|Any CPU.Build.0 = Debug|Any CPU
		{B6AD0AA3-8202-4718-A628-DEFD86C00CCC}.Release|Any CPU.ActiveCfg = Release|Any CPU
		{B6AD0AA3-8202-4718-A628-DEFD86C00CCC}.Release|Any CPU.Build.0 = Release|Any CPU
		{2AE7A970-AD3F-4DC3-B74A-5FC4E546F45B}.Debug|Any CPU.ActiveCfg = Debug|Any CPU
		{2AE7A970-AD3F-4DC3-B74A-5FC4E546F45B}.Debug|Any CPU.Build.0 = Debug|Any CPU
		{2AE7A970-AD3F-4DC3-B74A-5FC4E546F45B}.Release|Any CPU.ActiveCfg = Release|Any CPU
		{2AE7A970-AD3F-4DC3-B74A-5FC4E546F45B}.Release|Any CPU.Build.0 = Release|Any CPU
		{7B2205F2-99DD-4E34-8DB3-C4300B34FD94}.Debug|Any CPU.ActiveCfg = Debug|Any CPU
		{7B2205F2-99DD-4E34-8DB3-C4300B34FD94}.Debug|Any CPU.Build.0 = Debug|Any CPU
		{7B2205F2-99DD-4E34-8DB3-C4300B34FD94}.Release|Any CPU.ActiveCfg = Release|Any CPU
		{7B2205F2-99DD-4E34-8DB3-C4300B34FD94}.Release|Any CPU.Build.0 = Release|Any CPU
	EndGlobalSection
	GlobalSection(SolutionProperties) = preSolution
		HideSolutionNode = FALSE
	EndGlobalSection
	GlobalSection(ExtensibilityGlobals) = postSolution
		SolutionGuid = {4FD2433A-DC45-4D79-911E-D6354C1B2F2E}
	EndGlobalSection
EndGlobal
