
Microsoft Visual Studio Solution File, Format Version 12.00
# Visual Studio 14
VisualStudioVersion = 14.0.25420.1
MinimumVisualStudioVersion = 10.0.40219.1
Project("{FAE04EC0-301F-11D3-BF4B-00C04F79EFBC}") = "AdminForm", "AdminForm\AdminForm.csproj", "{6C80DF3B-C36C-44AE-BD9B-EA31523BA05F}"
EndProject
Project("{FAE04EC0-301F-11D3-BF4B-00C04F79EFBC}") = "DataAccessLibrary", "DataAccessLibrary\DataAccessLibrary.csproj", "{B6AD0AA3-8202-4718-A628-DEFD86C00CCC}"
EndProject
Global
	GlobalSection(SolutionConfigurationPlatforms) = preSolution
		Debug|Any CPU = Debug|Any CPU
		Release|Any CPU = Release|Any CPU
	EndGlobalSection
	GlobalSection(ProjectConfigurationPlatforms) = postSolution
		{6C80DF3B-C36C-44AE-BD9B-EA31523BA05F}.Debug|Any CPU.ActiveCfg = Debug|Any CPU
		{6C80DF3B-C36C-44AE-BD9B-EA31523BA05F}.Debug|Any CPU.Build.0 = Debug|Any CPU
		{6C80DF3B-C36C-44AE-BD9B-EA31523BA05F}.Release|Any CPU.ActiveCfg = Release|Any CPU
		{6C80DF3B-C36C-44AE-BD9B-EA31523BA05F}.Release|Any CPU.Build.0 = Release|Any CPU
		{B6AD0AA3-8202-4718-A628-DEFD86C00CCC}.Debug|Any CPU.ActiveCfg = Debug|Any CPU
		{B6AD0AA3-8202-4718-A628-DEFD86C00CCC}.Debug|Any CPU.Build.0 = Debug|Any CPU
		{B6AD0AA3-8202-4718-A628-DEFD86C00CCC}.Release|Any CPU.ActiveCfg = Release|Any CPU
		{B6AD0AA3-8202-4718-A628-DEFD86C00CCC}.Release|Any CPU.Build.0 = Release|Any CPU
	EndGlobalSection
	GlobalSection(SolutionProperties) = preSolution
		HideSolutionNode = FALSE
	EndGlobalSection
EndGlobal
